PODS:
  - Capacitor (8.0.1):
    - CapacitorCordova
  - CapacitorCamera (8.0.0):
    - Capacitor
  - CapacitorCordova (8.0.1)
  - CapacitorSplashScreen (8.0.0):
    - Capacitor
  - Qonversion (6.4.0):
    - Qonversion/Main (= 6.4.0)
  - Qonversion/Main (6.4.0)
  - QonversionCapacitorPlugin (1.0.0):
    - Capacitor
    - QonversionSandwich (= 7.4.0)
  - QonversionSandwich (7.4.0):
    - Qonversion (= 6.4.0)

DEPENDENCIES:
  - "Capacitor (from `../../node_modules/@capacitor/ios`)"
  - "CapacitorCamera (from `../../node_modules/@capacitor/camera`)"
  - "CapacitorCordova (from `../../node_modules/@capacitor/ios`)"
  - "CapacitorSplashScreen (from `../../node_modules/@capacitor/splash-screen`)"
  - QonversionCapacitorPlugin (from `../../..`)

SPEC REPOS:
  trunk:
    - Qonversion
    - QonversionSandwich

EXTERNAL SOURCES:
  Capacitor:
    :path: "../../node_modules/@capacitor/ios"
  CapacitorCamera:
    :path: "../../node_modules/@capacitor/camera"
  CapacitorCordova:
    :path: "../../node_modules/@capacitor/ios"
  CapacitorSplashScreen:
    :path: "../../node_modules/@capacitor/splash-screen"
  QonversionCapacitorPlugin:
    :path: "../../.."

SPEC CHECKSUMS:
  Capacitor: 2d8b1a05870ddb600b0e1e32b83fcf0890c244e1
  CapacitorCamera: 05ac5bd4499ed4b8cf5358d1b4a874b385de7b4d
  CapacitorCordova: 0d65b9bb74e995dcecb9463f34f1af2aba6f955c
  CapacitorSplashScreen: 4b78177a21f0f73ccc1c78dd93b2a94854ac4b83
  Qonversion: f7620e1cc3b03541b9cf4a0ed357a5646d123fe3
  QonversionCapacitorPlugin: 1d8ef7c70cdc188e8aa62f7db46080b722c48096
  QonversionSandwich: 58a58f43664d2ddb755b315b51adfe9392ede3f9

PODFILE CHECKSUM: 997ea9e24aadc2907f2351506e72f75dadd36129

COCOAPODS: 1.16.2
